// !$*UTF8*$!
{
	archiveVersion = 1;
	classes = {
	};
	objectVersion = 56;
	objects = {

/* Begin PBXBuildFile section */
		57A81AF22BB107B900B883E2 /* CoverImageView.swift in Sources */ = {isa = PBXBuildFile; fileRef = 57A81AF12BB107B900B883E2 /* CoverImageView.swift */; };
		57A81AF52BB1091D00B883E2 /* CoverImage.swift in Sources */ = {isa = PBXBuildFile; fileRef = 57A81AF42BB1091D00B883E2 /* CoverImage.swift */; };
		57A81AF82BB109FD00B883E2 /* Bundle+Extension.swift in Sources */ = {isa = PBXBuildFile; fileRef = 57A81AF72BB109FD00B883E2 /* Bundle+Extension.swift */; };
		57A81AFA2BB10DFA00B883E2 /* AnimalListItemView.swift in Sources */ = {isa = PBXBuildFile; fileRef = 57A81AF92BB10DFA00B883E2 /* AnimalListItemView.swift */; };
		57A81AFC2BB1116A00B883E2 /* Animal.swift in Sources */ = {isa = PBXBuildFile; fileRef = 57A81AFB2BB1116A00B883E2 /* Animal.swift */; };
		57A81AFE2BB115F600B883E2 /* AnimalDetailView.swift in Sources */ = {isa = PBXBuildFile; fileRef = 57A81AFD2BB115F600B883E2 /* AnimalDetailView.swift */; };
		57A81B002BB1183800B883E2 /* HeadingView.swift in Sources */ = {isa = PBXBuildFile; fileRef = 57A81AFF2BB1183800B883E2 /* HeadingView.swift */; };
		57A81B022BB119CE00B883E2 /* InsetGalleryView.swift in Sources */ = {isa = PBXBuildFile; fileRef = 57A81B012BB119CE00B883E2 /* InsetGalleryView.swift */; };
		57B62FD72B051FFF0006B9A1 /* AfricaWildApp.swift in Sources */ = {isa = PBXBuildFile; fileRef = 57B62FD62B051FFF0006B9A1 /* AfricaWildApp.swift */; };
		57B62FD92B051FFF0006B9A1 /* ContentView.swift in Sources */ = {isa = PBXBuildFile; fileRef = 57B62FD82B051FFF0006B9A1 /* ContentView.swift */; };
		57B62FDB2B0520000006B9A1 /* Assets.xcassets in Resources */ = {isa = PBXBuildFile; fileRef = 57B62FDA2B0520000006B9A1 /* Assets.xcassets */; };
		57B62FDF2B0520000006B9A1 /* Preview Assets.xcassets in Resources */ = {isa = PBXBuildFile; fileRef = 57B62FDE2B0520000006B9A1 /* Preview Assets.xcassets */; };
		57B62FF02B0D5E270006B9A1 /* rhino.mp4 in Resources */ = {isa = PBXBuildFile; fileRef = 57B62FE62B0D5E250006B9A1 /* rhino.mp4 */; };
		57B62FF12B0D5E270006B9A1 /* hippo.mp4 in Resources */ = {isa = PBXBuildFile; fileRef = 57B62FE72B0D5E260006B9A1 /* hippo.mp4 */; };
		57B62FF22B0D5E270006B9A1 /* giraffe.mp4 in Resources */ = {isa = PBXBuildFile; fileRef = 57B62FE82B0D5E260006B9A1 /* giraffe.mp4 */; };
		57B62FF32B0D5E270006B9A1 /* cheetah.mp4 in Resources */ = {isa = PBXBuildFile; fileRef = 57B62FE92B0D5E260006B9A1 /* cheetah.mp4 */; };
		57B62FF42B0D5E270006B9A1 /* gorilla.mp4 in Resources */ = {isa = PBXBuildFile; fileRef = 57B62FEA2B0D5E260006B9A1 /* gorilla.mp4 */; };
		57B62FF52B0D5E270006B9A1 /* lioness.mp4 in Resources */ = {isa = PBXBuildFile; fileRef = 57B62FEB2B0D5E260006B9A1 /* lioness.mp4 */; };
		57B62FF62B0D5E270006B9A1 /* elephant.mp4 in Resources */ = {isa = PBXBuildFile; fileRef = 57B62FEC2B0D5E270006B9A1 /* elephant.mp4 */; };
		57B62FF72B0D5E270006B9A1 /* lion.mp4 in Resources */ = {isa = PBXBuildFile; fileRef = 57B62FED2B0D5E270006B9A1 /* lion.mp4 */; };
		57B62FF82B0D5E270006B9A1 /* zebra.mp4 in Resources */ = {isa = PBXBuildFile; fileRef = 57B62FEE2B0D5E270006B9A1 /* zebra.mp4 */; };
		57B62FF92B0D5E270006B9A1 /* ostrich.mp4 in Resources */ = {isa = PBXBuildFile; fileRef = 57B62FEF2B0D5E270006B9A1 /* ostrich.mp4 */; };
		57B62FFF2B0D5E560006B9A1 /* locations.json in Resources */ = {isa = PBXBuildFile; fileRef = 57B62FFB2B0D5E560006B9A1 /* locations.json */; };
		57B630002B0D5E560006B9A1 /* covers.json in Resources */ = {isa = PBXBuildFile; fileRef = 57B62FFC2B0D5E560006B9A1 /* covers.json */; };
		57B630012B0D5E560006B9A1 /* animals.json in Resources */ = {isa = PBXBuildFile; fileRef = 57B62FFD2B0D5E560006B9A1 /* animals.json */; };
		57B630022B0D5E560006B9A1 /* videos.json in Resources */ = {isa = PBXBuildFile; fileRef = 57B62FFE2B0D5E560006B9A1 /* videos.json */; };
		57B630072B0DAC7C0006B9A1 /* VideoListView.swift in Sources */ = {isa = PBXBuildFile; fileRef = 57B630062B0DAC7C0006B9A1 /* VideoListView.swift */; };
		57B630092B0DAE460006B9A1 /* MapView.swift in Sources */ = {isa = PBXBuildFile; fileRef = 57B630082B0DAE460006B9A1 /* MapView.swift */; };
		57B6300B2B0DAE650006B9A1 /* GalleryView.swift in Sources */ = {isa = PBXBuildFile; fileRef = 57B6300A2B0DAE650006B9A1 /* GalleryView.swift */; };
		57B6300D2B0DAE860006B9A1 /* MainView.swift in Sources */ = {isa = PBXBuildFile; fileRef = 57B6300C2B0DAE860006B9A1 /* MainView.swift */; };
/* End PBXBuildFile section */

/* Begin PBXFileReference section */
		57A81AF12BB107B900B883E2 /* CoverImageView.swift */ = {isa = PBXFileReference; lastKnownFileType = sourcecode.swift; path = CoverImageView.swift; sourceTree = "<group>"; };
		57A81AF42BB1091D00B883E2 /* CoverImage.swift */ = {isa = PBXFileReference; lastKnownFileType = sourcecode.swift; path = CoverImage.swift; sourceTree = "<group>"; };
		57A81AF72BB109FD00B883E2 /* Bundle+Extension.swift */ = {isa = PBXFileReference; lastKnownFileType = sourcecode.swift; path = "Bundle+Extension.swift"; sourceTree = "<group>"; };
		57A81AF92BB10DFA00B883E2 /* AnimalListItemView.swift */ = {isa = PBXFileReference; lastKnownFileType = sourcecode.swift; path = AnimalListItemView.swift; sourceTree = "<group>"; };
		57A81AFB2BB1116A00B883E2 /* Animal.swift */ = {isa = PBXFileReference; lastKnownFileType = sourcecode.swift; path = Animal.swift; sourceTree = "<group>"; };
		57A81AFD2BB115F600B883E2 /* AnimalDetailView.swift */ = {isa = PBXFileReference; lastKnownFileType = sourcecode.swift; path = AnimalDetailView.swift; sourceTree = "<group>"; };
		57A81AFF2BB1183800B883E2 /* HeadingView.swift */ = {isa = PBXFileReference; lastKnownFileType = sourcecode.swift; path = HeadingView.swift; sourceTree = "<group>"; };
		57A81B012BB119CE00B883E2 /* InsetGalleryView.swift */ = {isa = PBXFileReference; lastKnownFileType = sourcecode.swift; path = InsetGalleryView.swift; sourceTree = "<group>"; };
		57B62FD32B051FFF0006B9A1 /* AfricaWild.app */ = {isa = PBXFileReference; explicitFileType = wrapper.application; includeInIndex = 0; path = AfricaWild.app; sourceTree = BUILT_PRODUCTS_DIR; };
		57B62FD62B051FFF0006B9A1 /* AfricaWildApp.swift */ = {isa = PBXFileReference; lastKnownFileType = sourcecode.swift; path = AfricaWildApp.swift; sourceTree = "<group>"; };
		57B62FD82B051FFF0006B9A1 /* ContentView.swift */ = {isa = PBXFileReference; lastKnownFileType = sourcecode.swift; path = ContentView.swift; sourceTree = "<group>"; };
		57B62FDA2B0520000006B9A1 /* Assets.xcassets */ = {isa = PBXFileReference; lastKnownFileType = folder.assetcatalog; path = Assets.xcassets; sourceTree = "<group>"; };
		57B62FDC2B0520000006B9A1 /* AfricaWild.entitlements */ = {isa = PBXFileReference; lastKnownFileType = text.plist.entitlements; path = AfricaWild.entitlements; sourceTree = "<group>"; };
		57B62FDE2B0520000006B9A1 /* Preview Assets.xcassets */ = {isa = PBXFileReference; lastKnownFileType = folder.assetcatalog; path = "Preview Assets.xcassets"; sourceTree = "<group>"; };
		57B62FE62B0D5E250006B9A1 /* rhino.mp4 */ = {isa = PBXFileReference; lastKnownFileType = file; path = rhino.mp4; sourceTree = "<group>"; };
		57B62FE72B0D5E260006B9A1 /* hippo.mp4 */ = {isa = PBXFileReference; lastKnownFileType = file; path = hippo.mp4; sourceTree = "<group>"; };
		57B62FE82B0D5E260006B9A1 /* giraffe.mp4 */ = {isa = PBXFileReference; lastKnownFileType = file; path = giraffe.mp4; sourceTree = "<group>"; };
		57B62FE92B0D5E260006B9A1 /* cheetah.mp4 */ = {isa = PBXFileReference; lastKnownFileType = file; path = cheetah.mp4; sourceTree = "<group>"; };
		57B62FEA2B0D5E260006B9A1 /* gorilla.mp4 */ = {isa = PBXFileReference; lastKnownFileType = file; path = gorilla.mp4; sourceTree = "<group>"; };
		57B62FEB2B0D5E260006B9A1 /* lioness.mp4 */ = {isa = PBXFileReference; lastKnownFileType = file; path = lioness.mp4; sourceTree = "<group>"; };
		57B62FEC2B0D5E270006B9A1 /* elephant.mp4 */ = {isa = PBXFileReference; lastKnownFileType = file; path = elephant.mp4; sourceTree = "<group>"; };
		57B62FED2B0D5E270006B9A1 /* lion.mp4 */ = {isa = PBXFileReference; lastKnownFileType = file; path = lion.mp4; sourceTree = "<group>"; };
		57B62FEE2B0D5E270006B9A1 /* zebra.mp4 */ = {isa = PBXFileReference; lastKnownFileType = file; path = zebra.mp4; sourceTree = "<group>"; };
		57B62FEF2B0D5E270006B9A1 /* ostrich.mp4 */ = {isa = PBXFileReference; lastKnownFileType = file; path = ostrich.mp4; sourceTree = "<group>"; };
		57B62FFB2B0D5E560006B9A1 /* locations.json */ = {isa = PBXFileReference; fileEncoding = 4; lastKnownFileType = text.json; path = locations.json; sourceTree = "<group>"; };
		57B62FFC2B0D5E560006B9A1 /* covers.json */ = {isa = PBXFileReference; fileEncoding = 4; lastKnownFileType = text.json; path = covers.json; sourceTree = "<group>"; };
		57B62FFD2B0D5E560006B9A1 /* animals.json */ = {isa = PBXFileReference; fileEncoding = 4; lastKnownFileType = text.json; path = animals.json; sourceTree = "<group>"; };
		57B62FFE2B0D5E560006B9A1 /* videos.json */ = {isa = PBXFileReference; fileEncoding = 4; lastKnownFileType = text.json; path = videos.json; sourceTree = "<group>"; };
		57B630042B0DAB3D0006B9A1 /* Info.plist */ = {isa = PBXFileReference; lastKnownFileType = text.plist; path = Info.plist; sourceTree = "<group>"; };
		57B630062B0DAC7C0006B9A1 /* VideoListView.swift */ = {isa = PBXFileReference; lastKnownFileType = sourcecode.swift; path = VideoListView.swift; sourceTree = "<group>"; };
		57B630082B0DAE460006B9A1 /* MapView.swift */ = {isa = PBXFileReference; lastKnownFileType = sourcecode.swift; path = MapView.swift; sourceTree = "<group>"; };
		57B6300A2B0DAE650006B9A1 /* GalleryView.swift */ = {isa = PBXFileReference; lastKnownFileType = sourcecode.swift; path = GalleryView.swift; sourceTree = "<group>"; };
		57B6300C2B0DAE860006B9A1 /* MainView.swift */ = {isa = PBXFileReference; lastKnownFileType = sourcecode.swift; path = MainView.swift; sourceTree = "<group>"; };
/* End PBXFileReference section */

/* Begin PBXFrameworksBuildPhase section */
		57B62FD02B051FFF0006B9A1 /* Frameworks */ = {
			isa = PBXFrameworksBuildPhase;
			buildActionMask = 2147483647;
			files = (
			);
			runOnlyForDeploymentPostprocessing = 0;
		};
/* End PBXFrameworksBuildPhase section */

/* Begin PBXGroup section */
		57A81AF02BB1079800B883E2 /* View */ = {
			isa = PBXGroup;
			children = (
				57A81AF12BB107B900B883E2 /* CoverImageView.swift */,
				57A81AF92BB10DFA00B883E2 /* AnimalListItemView.swift */,
				57A81AFD2BB115F600B883E2 /* AnimalDetailView.swift */,
				57A81AFF2BB1183800B883E2 /* HeadingView.swift */,
				57A81B012BB119CE00B883E2 /* InsetGalleryView.swift */,
			);
			path = View;
			sourceTree = "<group>";
		};
		57A81AF32BB1090100B883E2 /* Model */ = {
			isa = PBXGroup;
			children = (
				57A81AF42BB1091D00B883E2 /* CoverImage.swift */,
				57A81AFB2BB1116A00B883E2 /* Animal.swift */,
			);
			path = Model;
			sourceTree = "<group>";
		};
		57A81AF62BB109E700B883E2 /* Extensions */ = {
			isa = PBXGroup;
			children = (
				57A81AF72BB109FD00B883E2 /* Bundle+Extension.swift */,
			);
			path = Extensions;
			sourceTree = "<group>";
		};
		57B62FCA2B051FFF0006B9A1 = {
			isa = PBXGroup;
			children = (
				57B62FD52B051FFF0006B9A1 /* AfricaWild */,
				57B62FD42B051FFF0006B9A1 /* Products */,
			);
			sourceTree = "<group>";
		};
		57B62FD42B051FFF0006B9A1 /* Products */ = {
			isa = PBXGroup;
			children = (
				57B62FD32B051FFF0006B9A1 /* AfricaWild.app */,
			);
			name = Products;
			sourceTree = "<group>";
		};
		57B62FD52B051FFF0006B9A1 /* AfricaWild */ = {
			isa = PBXGroup;
			children = (
				57B62FDC2B0520000006B9A1 /* AfricaWild.entitlements */,
				57B630042B0DAB3D0006B9A1 /* Info.plist */,
				57B62FDA2B0520000006B9A1 /* Assets.xcassets */,
				57B630052B0DAC390006B9A1 /* App */,
				57B62FFA2B0D5E460006B9A1 /* Data */,
				57A81AF62BB109E700B883E2 /* Extensions */,
				57A81AF32BB1090100B883E2 /* Model */,
				57B62FDD2B0520000006B9A1 /* Preview Content */,
				57B62FE52B0D5DFA0006B9A1 /* Video */,
				57A81AF02BB1079800B883E2 /* View */,
			);
			path = AfricaWild;
			sourceTree = "<group>";
		};
		57B62FDD2B0520000006B9A1 /* Preview Content */ = {
			isa = PBXGroup;
			children = (
				57B62FDE2B0520000006B9A1 /* Preview Assets.xcassets */,
			);
			path = "Preview Content";
			sourceTree = "<group>";
		};
		57B62FE52B0D5DFA0006B9A1 /* Video */ = {
			isa = PBXGroup;
			children = (
				57B62FE92B0D5E260006B9A1 /* cheetah.mp4 */,
				57B62FEC2B0D5E270006B9A1 /* elephant.mp4 */,
				57B62FE82B0D5E260006B9A1 /* giraffe.mp4 */,
				57B62FEA2B0D5E260006B9A1 /* gorilla.mp4 */,
				57B62FE72B0D5E260006B9A1 /* hippo.mp4 */,
				57B62FED2B0D5E270006B9A1 /* lion.mp4 */,
				57B62FEB2B0D5E260006B9A1 /* lioness.mp4 */,
				57B62FEF2B0D5E270006B9A1 /* ostrich.mp4 */,
				57B62FE62B0D5E250006B9A1 /* rhino.mp4 */,
				57B62FEE2B0D5E270006B9A1 /* zebra.mp4 */,
			);
			path = Video;
			sourceTree = "<group>";
		};
		57B62FFA2B0D5E460006B9A1 /* Data */ = {
			isa = PBXGroup;
			children = (
				57B62FFD2B0D5E560006B9A1 /* animals.json */,
				57B62FFC2B0D5E560006B9A1 /* covers.json */,
				57B62FFB2B0D5E560006B9A1 /* locations.json */,
				57B62FFE2B0D5E560006B9A1 /* videos.json */,
			);
			path = Data;
			sourceTree = "<group>";
		};
		57B630052B0DAC390006B9A1 /* App */ = {
			isa = PBXGroup;
			children = (
				57B62FD62B051FFF0006B9A1 /* AfricaWildApp.swift */,
				57B62FD82B051FFF0006B9A1 /* ContentView.swift */,
				57B630062B0DAC7C0006B9A1 /* VideoListView.swift */,
				57B630082B0DAE460006B9A1 /* MapView.swift */,
				57B6300A2B0DAE650006B9A1 /* GalleryView.swift */,
				57B6300C2B0DAE860006B9A1 /* MainView.swift */,
			);
			path = App;
			sourceTree = "<group>";
		};
/* End PBXGroup section */

/* Begin PBXNativeTarget section */
		57B62FD22B051FFF0006B9A1 /* AfricaWild */ = {
			isa = PBXNativeTarget;
			buildConfigurationList = 57B62FE22B0520000006B9A1 /* Build configuration list for PBXNativeTarget "AfricaWild" */;
			buildPhases = (
				57B62FCF2B051FFF0006B9A1 /* Sources */,
				57B62FD02B051FFF0006B9A1 /* Frameworks */,
				57B62FD12B051FFF0006B9A1 /* Resources */,
			);
			buildRules = (
			);
			dependencies = (
			);
			name = AfricaWild;
			productName = AfricaWild;
			productReference = 57B62FD32B051FFF0006B9A1 /* AfricaWild.app */;
			productType = "com.apple.product-type.application";
		};
/* End PBXNativeTarget section */

/* Begin PBXProject section */
		57B62FCB2B051FFF0006B9A1 /* Project object */ = {
			isa = PBXProject;
			attributes = {
				BuildIndependentTargetsInParallel = 1;
				LastSwiftUpdateCheck = 1500;
				LastUpgradeCheck = 1500;
				TargetAttributes = {
					57B62FD22B051FFF0006B9A1 = {
						CreatedOnToolsVersion = 15.0.1;
					};
				};
			};
			buildConfigurationList = 57B62FCE2B051FFF0006B9A1 /* Build configuration list for PBXProject "AfricaWild" */;
			compatibilityVersion = "Xcode 14.0";
			developmentRegion = en;
			hasScannedForEncodings = 0;
			knownRegions = (
				en,
				Base,
			);
			mainGroup = 57B62FCA2B051FFF0006B9A1;
			productRefGroup = 57B62FD42B051FFF0006B9A1 /* Products */;
			projectDirPath = "";
			projectRoot = "";
			targets = (
				57B62FD22B051FFF0006B9A1 /* AfricaWild */,
			);
		};
/* End PBXProject section */

/* Begin PBXResourcesBuildPhase section */
		57B62FD12B051FFF0006B9A1 /* Resources */ = {
			isa = PBXResourcesBuildPhase;
			buildActionMask = 2147483647;
			files = (
				57B630012B0D5E560006B9A1 /* animals.json in Resources */,
				57B62FFF2B0D5E560006B9A1 /* locations.json in Resources */,
				57B62FF12B0D5E270006B9A1 /* hippo.mp4 in Resources */,
				57B62FF02B0D5E270006B9A1 /* rhino.mp4 in Resources */,
				57B62FF32B0D5E270006B9A1 /* cheetah.mp4 in Resources */,
				57B62FF72B0D5E270006B9A1 /* lion.mp4 in Resources */,
				57B62FF42B0D5E270006B9A1 /* gorilla.mp4 in Resources */,
				57B62FDF2B0520000006B9A1 /* Preview Assets.xcassets in Resources */,
				57B630002B0D5E560006B9A1 /* covers.json in Resources */,
				57B62FF92B0D5E270006B9A1 /* ostrich.mp4 in Resources */,
				57B62FF82B0D5E270006B9A1 /* zebra.mp4 in Resources */,
				57B62FDB2B0520000006B9A1 /* Assets.xcassets in Resources */,
				57B62FF22B0D5E270006B9A1 /* giraffe.mp4 in Resources */,
				57B630022B0D5E560006B9A1 /* videos.json in Resources */,
				57B62FF52B0D5E270006B9A1 /* lioness.mp4 in Resources */,
				57B62FF62B0D5E270006B9A1 /* elephant.mp4 in Resources */,
			);
			runOnlyForDeploymentPostprocessing = 0;
		};
/* End PBXResourcesBuildPhase section */

/* Begin PBXSourcesBuildPhase section */
		57B62FCF2B051FFF0006B9A1 /* Sources */ = {
			isa = PBXSourcesBuildPhase;
			buildActionMask = 2147483647;
			files = (
				57A81AFC2BB1116A00B883E2 /* Animal.swift in Sources */,
				57B62FD92B051FFF0006B9A1 /* ContentView.swift in Sources */,
				57A81AFA2BB10DFA00B883E2 /* AnimalListItemView.swift in Sources */,
				57A81AF82BB109FD00B883E2 /* Bundle+Extension.swift in Sources */,
				57A81AF52BB1091D00B883E2 /* CoverImage.swift in Sources */,
				57A81AFE2BB115F600B883E2 /* AnimalDetailView.swift in Sources */,
				57B6300D2B0DAE860006B9A1 /* MainView.swift in Sources */,
				57A81AF22BB107B900B883E2 /* CoverImageView.swift in Sources */,
				57B630092B0DAE460006B9A1 /* MapView.swift in Sources */,
				57B62FD72B051FFF0006B9A1 /* AfricaWildApp.swift in Sources */,
				57B630072B0DAC7C0006B9A1 /* VideoListView.swift in Sources */,
				57A81B022BB119CE00B883E2 /* InsetGalleryView.swift in Sources */,
				57B6300B2B0DAE650006B9A1 /* GalleryView.swift in Sources */,
				57A81B002BB1183800B883E2 /* HeadingView.swift in Sources */,
			);
			runOnlyForDeploymentPostprocessing = 0;
		};
/* End PBXSourcesBuildPhase section */

/* Begin XCBuildConfiguration section */
		57B62FE02B0520000006B9A1 /* Debug */ = {
			isa = XCBuildConfiguration;
			buildSettings = {
				ALWAYS_SEARCH_USER_PATHS = NO;
				ASSETCATALOG_COMPILER_GENERATE_SWIFT_ASSET_SYMBOL_EXTENSIONS = YES;
				CLANG_ANALYZER_NONNULL = YES;
				CLANG_ANALYZER_NUMBER_OBJECT_CONVERSION = YES_AGGRESSIVE;
				CLANG_CXX_LANGUAGE_STANDARD = "gnu++20";
				CLANG_ENABLE_MODULES = YES;
				CLANG_ENABLE_OBJC_ARC = YES;
				CLANG_ENABLE_OBJC_WEAK = YES;
				CLANG_WARN_BLOCK_CAPTURE_AUTORELEASING = YES;
				CLANG_WARN_BOOL_CONVERSION = YES;
				CLANG_WARN_COMMA = YES;
				CLANG_WARN_CONSTANT_CONVERSION = YES;
				CLANG_WARN_DEPRECATED_OBJC_IMPLEMENTATIONS = YES;
				CLANG_WARN_DIRECT_OBJC_ISA_USAGE = YES_ERROR;
				CLANG_WARN_DOCUMENTATION_COMMENTS = YES;
				CLANG_WARN_EMPTY_BODY = YES;
				CLANG_WARN_ENUM_CONVERSION = YES;
				CLANG_WARN_INFINITE_RECURSION = YES;
				CLANG_WARN_INT_CONVERSION = YES;
				CLANG_WARN_NON_LITERAL_NULL_CONVERSION = YES;
				CLANG_WARN_OBJC_IMPLICIT_RETAIN_SELF = YES;
				CLANG_WARN_OBJC_LITERAL_CONVERSION = YES;
				CLANG_WARN_OBJC_ROOT_CLASS = YES_ERROR;
				CLANG_WARN_QUOTED_INCLUDE_IN_FRAMEWORK_HEADER = YES;
				CLANG_WARN_RANGE_LOOP_ANALYSIS = YES;
				CLANG_WARN_STRICT_PROTOTYPES = YES;
				CLANG_WARN_SUSPICIOUS_MOVE = YES;
				CLANG_WARN_UNGUARDED_AVAILABILITY = YES_AGGRESSIVE;
				CLANG_WARN_UNREACHABLE_CODE = YES;
				CLANG_WARN__DUPLICATE_METHOD_MATCH = YES;
				COPY_PHASE_STRIP = NO;
				DEBUG_INFORMATION_FORMAT = dwarf;
				ENABLE_STRICT_OBJC_MSGSEND = YES;
				ENABLE_TESTABILITY = YES;
				ENABLE_USER_SCRIPT_SANDBOXING = YES;
				GCC_C_LANGUAGE_STANDARD = gnu17;
				GCC_DYNAMIC_NO_PIC = NO;
				GCC_NO_COMMON_BLOCKS = YES;
				GCC_OPTIMIZATION_LEVEL = 0;
				GCC_PREPROCESSOR_DEFINITIONS = (
					"DEBUG=1",
					"$(inherited)",
				);
				GCC_WARN_64_TO_32_BIT_CONVERSION = YES;
				GCC_WARN_ABOUT_RETURN_TYPE = YES_ERROR;
				GCC_WARN_UNDECLARED_SELECTOR = YES;
				GCC_WARN_UNINITIALIZED_AUTOS = YES_AGGRESSIVE;
				GCC_WARN_UNUSED_FUNCTION = YES;
				GCC_WARN_UNUSED_VARIABLE = YES;
				LOCALIZATION_PREFERS_STRING_CATALOGS = YES;
				MTL_ENABLE_DEBUG_INFO = INCLUDE_SOURCE;
				MTL_FAST_MATH = YES;
				ONLY_ACTIVE_ARCH = YES;
				SWIFT_ACTIVE_COMPILATION_CONDITIONS = "DEBUG $(inherited)";
				SWIFT_OPTIMIZATION_LEVEL = "-Onone";
			};
			name = Debug;
		};
		57B62FE12B0520000006B9A1 /* Release */ = {
			isa = XCBuildConfiguration;
			buildSettings = {
				ALWAYS_SEARCH_USER_PATHS = NO;
				ASSETCATALOG_COMPILER_GENERATE_SWIFT_ASSET_SYMBOL_EXTENSIONS = YES;
				CLANG_ANALYZER_NONNULL = YES;
				CLANG_ANALYZER_NUMBER_OBJECT_CONVERSION = YES_AGGRESSIVE;
				CLANG_CXX_LANGUAGE_STANDARD = "gnu++20";
				CLANG_ENABLE_MODULES = YES;
				CLANG_ENABLE_OBJC_ARC = YES;
				CLANG_ENABLE_OBJC_WEAK = YES;
				CLANG_WARN_BLOCK_CAPTURE_AUTORELEASING = YES;
				CLANG_WARN_BOOL_CONVERSION = YES;
				CLANG_WARN_COMMA = YES;
				CLANG_WARN_CONSTANT_CONVERSION = YES;
				CLANG_WARN_DEPRECATED_OBJC_IMPLEMENTATIONS = YES;
				CLANG_WARN_DIRECT_OBJC_ISA_USAGE = YES_ERROR;
				CLANG_WARN_DOCUMENTATION_COMMENTS = YES;
				CLANG_WARN_EMPTY_BODY = YES;
				CLANG_WARN_ENUM_CONVERSION = YES;
				CLANG_WARN_INFINITE_RECURSION = YES;
				CLANG_WARN_INT_CONVERSION = YES;
				CLANG_WARN_NON_LITERAL_NULL_CONVERSION = YES;
				CLANG_WARN_OBJC_IMPLICIT_RETAIN_SELF = YES;
				CLANG_WARN_OBJC_LITERAL_CONVERSION = YES;
				CLANG_WARN_OBJC_ROOT_CLASS = YES_ERROR;
				CLANG_WARN_QUOTED_INCLUDE_IN_FRAMEWORK_HEADER = YES;
				CLANG_WARN_RANGE_LOOP_ANALYSIS = YES;
				CLANG_WARN_STRICT_PROTOTYPES = YES;
				CLANG_WARN_SUSPICIOUS_MOVE = YES;
				CLANG_WARN_UNGUARDED_AVAILABILITY = YES_AGGRESSIVE;
				CLANG_WARN_UNREACHABLE_CODE = YES;
				CLANG_WARN__DUPLICATE_METHOD_MATCH = YES;
				COPY_PHASE_STRIP = NO;
				DEBUG_INFORMATION_FORMAT = "dwarf-with-dsym";
				ENABLE_NS_ASSERTIONS = NO;
				ENABLE_STRICT_OBJC_MSGSEND = YES;
				ENABLE_USER_SCRIPT_SANDBOXING = YES;
				GCC_C_LANGUAGE_STANDARD = gnu17;
				GCC_NO_COMMON_BLOCKS = YES;
				GCC_WARN_64_TO_32_BIT_CONVERSION = YES;
				GCC_WARN_ABOUT_RETURN_TYPE = YES_ERROR;
				GCC_WARN_UNDECLARED_SELECTOR = YES;
				GCC_WARN_UNINITIALIZED_AUTOS = YES_AGGRESSIVE;
				GCC_WARN_UNUSED_FUNCTION = YES;
				GCC_WARN_UNUSED_VARIABLE = YES;
				LOCALIZATION_PREFERS_STRING_CATALOGS = YES;
				MTL_ENABLE_DEBUG_INFO = NO;
				MTL_FAST_MATH = YES;
				SWIFT_COMPILATION_MODE = wholemodule;
			};
			name = Release;
		};
		57B62FE32B0520000006B9A1 /* Debug */ = {
			isa = XCBuildConfiguration;
			buildSettings = {
				ASSETCATALOG_COMPILER_APPICON_NAME = AppIcon;
				ASSETCATALOG_COMPILER_GLOBAL_ACCENT_COLOR_NAME = AccentColor;
				CODE_SIGN_ENTITLEMENTS = AfricaWild/AfricaWild.entitlements;
				CODE_SIGN_STYLE = Automatic;
				CURRENT_PROJECT_VERSION = 1;
				DEVELOPMENT_ASSET_PATHS = "\"AfricaWild/Preview Content\"";
				DEVELOPMENT_TEAM = 96JYKUR964;
				ENABLE_HARDENED_RUNTIME = YES;
				ENABLE_PREVIEWS = YES;
				GENERATE_INFOPLIST_FILE = YES;
				INFOPLIST_FILE = AfricaWild/Info.plist;
				"INFOPLIST_KEY_UIApplicationSceneManifest_Generation[sdk=iphoneos*]" = YES;
				"INFOPLIST_KEY_UIApplicationSceneManifest_Generation[sdk=iphonesimulator*]" = YES;
				"INFOPLIST_KEY_UIApplicationSupportsIndirectInputEvents[sdk=iphoneos*]" = YES;
				"INFOPLIST_KEY_UIApplicationSupportsIndirectInputEvents[sdk=iphonesimulator*]" = YES;
				"INFOPLIST_KEY_UILaunchScreen_Generation[sdk=iphoneos*]" = YES;
				"INFOPLIST_KEY_UILaunchScreen_Generation[sdk=iphonesimulator*]" = YES;
				"INFOPLIST_KEY_UIStatusBarStyle[sdk=iphoneos*]" = UIStatusBarStyleDefault;
				"INFOPLIST_KEY_UIStatusBarStyle[sdk=iphonesimulator*]" = UIStatusBarStyleDefault;
				INFOPLIST_KEY_UISupportedInterfaceOrientations_iPad = "UIInterfaceOrientationPortrait UIInterfaceOrientationPortraitUpsideDown UIInterfaceOrientationLandscapeLeft UIInterfaceOrientationLandscapeRight";
				INFOPLIST_KEY_UISupportedInterfaceOrientations_iPhone = "UIInterfaceOrientationPortrait UIInterfaceOrientationLandscapeLeft UIInterfaceOrientationLandscapeRight";
				INFOPLIST_KEY_UIUserInterfaceStyle = Dark;
				IPHONEOS_DEPLOYMENT_TARGET = 17.0;
				LD_RUNPATH_SEARCH_PATHS = "@executable_path/Frameworks";
				"LD_RUNPATH_SEARCH_PATHS[sdk=macosx*]" = "@executable_path/../Frameworks";
				MACOSX_DEPLOYMENT_TARGET = 14.0;
				MARKETING_VERSION = 1.0;
				PRODUCT_BUNDLE_IDENTIFIER = "me.victor-dev.AfricaWild";
				PRODUCT_NAME = "$(TARGET_NAME)";
				SDKROOT = auto;
				SUPPORTED_PLATFORMS = "iphoneos iphonesimulator macosx";
				SWIFT_EMIT_LOC_STRINGS = YES;
				SWIFT_VERSION = 5.0;
				TARGETED_DEVICE_FAMILY = "1,2";
			};
			name = Debug;
		};
		57B62FE42B0520000006B9A1 /* Release */ = {
			isa = XCBuildConfiguration;
			buildSettings = {
				ASSETCATALOG_COMPILER_APPICON_NAME = AppIcon;
				ASSETCATALOG_COMPILER_GLOBAL_ACCENT_COLOR_NAME = AccentColor;
				CODE_SIGN_ENTITLEMENTS = AfricaWild/AfricaWild.entitlements;
				CODE_SIGN_STYLE = Automatic;
				CURRENT_PROJECT_VERSION = 1;
				DEVELOPMENT_ASSET_PATHS = "\"AfricaWild/Preview Content\"";
				DEVELOPMENT_TEAM = 96JYKUR964;
				ENABLE_HARDENED_RUNTIME = YES;
				ENABLE_PREVIEWS = YES;
				GENERATE_INFOPLIST_FILE = YES;
				INFOPLIST_FILE = AfricaWild/Info.plist;
				"INFOPLIST_KEY_UIApplicationSceneManifest_Generation[sdk=iphoneos*]" = YES;
				"INFOPLIST_KEY_UIApplicationSceneManifest_Generation[sdk=iphonesimulator*]" = YES;
				"INFOPLIST_KEY_UIApplicationSupportsIndirectInputEvents[sdk=iphoneos*]" = YES;
				"INFOPLIST_KEY_UIApplicationSupportsIndirectInputEvents[sdk=iphonesimulator*]" = YES;
				"INFOPLIST_KEY_UILaunchScreen_Generation[sdk=iphoneos*]" = YES;
				"INFOPLIST_KEY_UILaunchScreen_Generation[sdk=iphonesimulator*]" = YES;
				"INFOPLIST_KEY_UIStatusBarStyle[sdk=iphoneos*]" = UIStatusBarStyleDefault;
				"INFOPLIST_KEY_UIStatusBarStyle[sdk=iphonesimulator*]" = UIStatusBarStyleDefault;
				INFOPLIST_KEY_UISupportedInterfaceOrientations_iPad = "UIInterfaceOrientationPortrait UIInterfaceOrientationPortraitUpsideDown UIInterfaceOrientationLandscapeLeft UIInterfaceOrientationLandscapeRight";
				INFOPLIST_KEY_UISupportedInterfaceOrientations_iPhone = "UIInterfaceOrientationPortrait UIInterfaceOrientationLandscapeLeft UIInterfaceOrientationLandscapeRight";
				INFOPLIST_KEY_UIUserInterfaceStyle = Dark;
				IPHONEOS_DEPLOYMENT_TARGET = 17.0;
				LD_RUNPATH_SEARCH_PATHS = "@executable_path/Frameworks";
				"LD_RUNPATH_SEARCH_PATHS[sdk=macosx*]" = "@executable_path/../Frameworks";
				MACOSX_DEPLOYMENT_TARGET = 14.0;
				MARKETING_VERSION = 1.0;
				PRODUCT_BUNDLE_IDENTIFIER = "me.victor-dev.AfricaWild";
				PRODUCT_NAME = "$(TARGET_NAME)";
				SDKROOT = auto;
				SUPPORTED_PLATFORMS = "iphoneos iphonesimulator macosx";
				SWIFT_EMIT_LOC_STRINGS = YES;
				SWIFT_VERSION = 5.0;
				TARGETED_DEVICE_FAMILY = "1,2";
			};
			name = Release;
		};
/* End XCBuildConfiguration section */

/* Begin XCConfigurationList section */
		57B62FCE2B051FFF0006B9A1 /* Build configuration list for PBXProject "AfricaWild" */ = {
			isa = XCConfigurationList;
			buildConfigurations = (
				57B62FE02B0520000006B9A1 /* Debug */,
				57B62FE12B0520000006B9A1 /* Release */,
			);
			defaultConfigurationIsVisible = 0;
			defaultConfigurationName = Release;
		};
		57B62FE22B0520000006B9A1 /* Build configuration list for PBXNativeTarget "AfricaWild" */ = {
			isa = XCConfigurationList;
			buildConfigurations = (
				57B62FE32B0520000006B9A1 /* Debug */,
				57B62FE42B0520000006B9A1 /* Release */,
			);
			defaultConfigurationIsVisible = 0;
			defaultConfigurationName = Release;
		};
/* End XCConfigurationList section */
	};
	rootObject = 57B62FCB2B051FFF0006B9A1 /* Project object */;
}
